<?xml version="1.0" encoding="utf-8"?>
<Project ToolsVersion="4.0" xmlns="http://schemas.microsoft.com/developer/msbuild/2003">
  <ItemGroup>
    <Filter Include="Source Files">
      <UniqueIdentifier>{4FC737F1-C7A5-4376-A066-2A32D752A2FF}</UniqueIdentifier>
      <Extensions>cpp;c;cc;cxx;c++;cppm;ixx;def;odl;idl;hpj;bat;asm;asmx</Extensions>
    </Filter>
    <Filter Include="Header Files">
      <UniqueIdentifier>{93995380-89BD-4b04-88EB-625FBE52EBFB}</UniqueIdentifier>
      <Extensions>h;hh;hpp;hxx;h++;hm;inl;inc;ipp;xsd</Extensions>
    </Filter>
    <Filter Include="Resource Files">
      <UniqueIdentifier>{67DA6AB6-F800-4c08-8B7A-83BB121AAD01}</UniqueIdentifier>
      <Extensions>rc;ico;cur;bmp;dlg;rc2;rct;bin;rgs;gif;jpg;jpeg;jpe;resx;tiff;tif;png;wav;mfcribbon-ms</Extensions>
    </Filter>
    <Filter Include="Source Files\RISERKeyboard">
      <UniqueIdentifier>{f34b03e7-c832-4e10-ba83-a2a355fe2950}</UniqueIdentifier>
    </Filter>
    <Filter Include="Source Files\RISERMouse">
      <UniqueIdentifier>{94689728-03eb-4b24-9b4a-57a6d5ae5745}</UniqueIdentifier>
    </Filter>
    <Filter Include="Header Files\RISERKeyboard">
      <UniqueIdentifier>{f75de2db-50f2-4288-8de7-0d4b2a0e9939}</UniqueIdentifier>
    </Filter>
    <Filter Include="Header Files\RISERMouse">
      <UniqueIdentifier>{9929502e-7a4e-491b-bc9a-a92d52920033}</UniqueIdentifier>
    </Filter>
    <Filter Include="Source Files\RISERGraphics">
      <UniqueIdentifier>{9597b3ab-ac01-4d7a-8ffa-f0ac2e759181}</UniqueIdentifier>
    </Filter>
    <Filter Include="Header Files\RISERGraphics">
      <UniqueIdentifier>{5a89b70b-1bdc-491e-86b4-fb012cbaa70d}</UniqueIdentifier>
    </Filter>
  </ItemGroup>
  <ItemGroup>
    <ClCompile Include="Main.cpp">
      <Filter>Source Files</Filter>
    </ClCompile>
    <ClCompile Include="RISERErrorLogger.cpp">
      <Filter>Source Files</Filter>
    </ClCompile>
    <ClCompile Include="RISERStringConverter.cpp">
      <Filter>Source Files</Filter>
    </ClCompile>
    <ClCompile Include="RISERWindow.cpp">
      <Filter>Source Files</Filter>
    </ClCompile>
    <ClCompile Include="RISERWindowContainer.cpp">
      <Filter>Source Files</Filter>
    </ClCompile>
    <ClCompile Include="RISEREngine.cpp">
      <Filter>Source Files</Filter>
    </ClCompile>
    <ClCompile Include="RISERKeyboard\RISERKeyboardClass.cpp">
      <Filter>Source Files\RISERKeyboard</Filter>
    </ClCompile>
    <ClCompile Include="RISERKeyboard\RISERKeyboardEvent.cpp">
      <Filter>Source Files\RISERKeyboard</Filter>
    </ClCompile>
    <ClCompile Include="RISERMouse\RISERMouseClass.cpp">
      <Filter>Source Files\RISERMouse</Filter>
    </ClCompile>
    <ClCompile Include="RISERMouse\RISERMouseEvent.cpp">
      <Filter>Source Files\RISERMouse</Filter>
    </ClCompile>
    <ClCompile Include="RISERGraphics\RISERGraphics.cpp">
      <Filter>Source Files\RISERGraphics</Filter>
    </ClCompile>
    <ClCompile Include="RISERGraphics\RISERAdapterReader.cpp">
      <Filter>Source Files\RISERGraphics</Filter>
    </ClCompile>
    <ClCompile Include="RISERGraphics\RISERShaders.cpp">
      <Filter>Source Files\RISERGraphics</Filter>
    </ClCompile>
  </ItemGroup>
  <ItemGroup>
    <ClInclude Include="RISERErrorLogger.h">
      <Filter>Header Files</Filter>
    </ClInclude>
    <ClInclude Include="RISERStringConverter.h">
      <Filter>Header Files</Filter>
    </ClInclude>
    <ClInclude Include="RISERWindow.h">
      <Filter>Header Files</Filter>
    </ClInclude>
    <ClInclude Include="RISERWindowContainer.h">
      <Filter>Header Files</Filter>
    </ClInclude>
    <ClInclude Include="RISEREngine.h">
      <Filter>Header Files</Filter>
    </ClInclude>
    <ClInclude Include="RISERKeyboard\RISERKeyboardClass.h">
      <Filter>Header Files\RISERKeyboard</Filter>
    </ClInclude>
    <ClInclude Include="RISERKeyboard\RISERKeyboardEvent.h">
      <Filter>Header Files\RISERKeyboard</Filter>
    </ClInclude>
    <ClInclude Include="RISERMouse\RISERMouseClass.h">
      <Filter>Header Files\RISERMouse</Filter>
    </ClInclude>
    <ClInclude Include="RISERMouse\RISERMouseEvent.h">
      <Filter>Header Files\RISERMouse</Filter>
    </ClInclude>
    <ClInclude Include="RISERGraphics\RISERGraphics.h">
      <Filter>Header Files\RISERGraphics</Filter>
    </ClInclude>
    <ClInclude Include="RISERGraphics\RISERAdapterReader.h">
      <Filter>Header Files\RISERGraphics</Filter>
    </ClInclude>
    <ClInclude Include="RISERGraphics\RISERVertex.h">
      <Filter>Header Files\RISERGraphics</Filter>
    </ClInclude>
    <ClInclude Include="RISERGraphics\RISERShaders.h">
      <Filter>Header Files\RISERGraphics</Filter>
    </ClInclude>
    <ClInclude Include="RISERGraphics\RISERVertexBuffer.h">
      <Filter>Header Files\RISERGraphics</Filter>
    </ClInclude>
  </ItemGroup>
  <ItemGroup>
    <FxCompile Include="RISERVertexShader.hlsl">
      <Filter>Resource Files</Filter>
    </FxCompile>
    <FxCompile Include="RISERPixelShader.hlsl">
      <Filter>Resource Files</Filter>
    </FxCompile>
  </ItemGroup>
</Project>